
Microsoft Visual Studio Solution File, Format Version 11.00
# Visual Studio 2010
Project("{FAE04EC0-301F-11D3-BF4B-00C04F79EFBC}") = "GroupGameP3_PartyGame", "Assembly-CSharp.csproj", "{F18A30E5-EAD6-B761-11E3-66E63E55B287}"
EndProject
Global
	GlobalSection(SolutionConfigurationPlatforms) = preSolution
		Debug|Any CPU = Debug|Any CPU
		Release|Any CPU = Release|Any CPU
	EndGlobalSection
	GlobalSection(ProjectConfigurationPlatforms) = postSolution
		{F18A30E5-EAD6-B761-11E3-66E63E55B287}.Debug|Any CPU.ActiveCfg = Debug|Any CPU
		{F18A30E5-EAD6-B761-11E3-66E63E55B287}.Debug|Any CPU.Build.0 = Debug|Any CPU
		{F18A30E5-EAD6-B761-11E3-66E63E55B287}.Release|Any CPU.ActiveCfg = Release|Any CPU
		{F18A30E5-EAD6-B761-11E3-66E63E55B287}.Release|Any CPU.Build.0 = Release|Any CPU
	EndGlobalSection
	GlobalSection(SolutionProperties) = preSolution
		HideSolutionNode = FALSE
	EndGlobalSection
	GlobalSection(MonoDevelopProperties) = preSolution
		StartupItem = Assembly-CSharp.csproj
	EndGlobalSection
EndGlobal
